
Microsoft Visual Studio Solution File, Format Version 12.00
# Visual Studio Version 17
VisualStudioVersion = 17.3.32922.545
MinimumVisualStudioVersion = 10.0.40219.1
Project("{FAE04EC0-301F-11D3-BF4B-00C04F79EFBC}") = "Maze Generator and solver", "Maze Generator and solver.csproj", "{52A0EA54-C610-4F43-AE6C-040C641678C7}"
EndProject
Global
	GlobalSection(SolutionConfigurationPlatforms) = preSolution
		Debug|Any CPU = Debug|Any CPU
		Release|Any CPU = Release|Any CPU
	EndGlobalSection
	GlobalSection(ProjectConfigurationPlatforms) = postSolution
		{52A0EA54-C610-4F43-AE6C-040C641678C7}.Debug|Any CPU.ActiveCfg = Debug|Any CPU
		{52A0EA54-C610-4F43-AE6C-040C641678C7}.Debug|Any CPU.Build.0 = Debug|Any CPU
		{52A0EA54-C610-4F43-AE6C-040C641678C7}.Release|Any CPU.ActiveCfg = Release|Any CPU
		{52A0EA54-C610-4F43-AE6C-040C641678C7}.Release|Any CPU.Build.0 = Release|Any CPU
	EndGlobalSection
	GlobalSection(SolutionProperties) = preSolution
		HideSolutionNode = FALSE
	EndGlobalSection
	GlobalSection(ExtensibilityGlobals) = postSolution
		SolutionGuid = {F37EB425-126D-4213-A1D8-5114AC0095E4}
	EndGlobalSection
EndGlobal
